// !$*UTF8*$!
{
	archiveVersion = 1;
	classes = {
	};
	objectVersion = 51;
	objects = {

/* Begin PBXBuildFile section */
		B61A91FD25C4CFA80025A9CA /* Components.framework in Frameworks */ = {isa = PBXBuildFile; fileRef = B61A91FC25C4CFA80025A9CA /* Components.framework */; };
		B61A91FE25C4CFA80025A9CA /* Components.framework in Embed Frameworks */ = {isa = PBXBuildFile; fileRef = B61A91FC25C4CFA80025A9CA /* Components.framework */; settings = {ATTRIBUTES = (CodeSignOnCopy, RemoveHeadersOnCopy, ); }; };
		B61A920125C4CFAF0025A9CA /* CoreUseCases.framework in Frameworks */ = {isa = PBXBuildFile; fileRef = B61A920025C4CFAF0025A9CA /* CoreUseCases.framework */; };
		B61A920225C4CFAF0025A9CA /* CoreUseCases.framework in Embed Frameworks */ = {isa = PBXBuildFile; fileRef = B61A920025C4CFAF0025A9CA /* CoreUseCases.framework */; settings = {ATTRIBUTES = (CodeSignOnCopy, RemoveHeadersOnCopy, ); }; };
		B61A920425C4CFB60025A9CA /* Core.framework in Frameworks */ = {isa = PBXBuildFile; fileRef = B61A920325C4CFB60025A9CA /* Core.framework */; };
		B61A920525C4CFB60025A9CA /* Core.framework in Embed Frameworks */ = {isa = PBXBuildFile; fileRef = B61A920325C4CFB60025A9CA /* Core.framework */; settings = {ATTRIBUTES = (CodeSignOnCopy, RemoveHeadersOnCopy, ); }; };
		B61A920725C4CFBB0025A9CA /* Utils.framework in Frameworks */ = {isa = PBXBuildFile; fileRef = B61A920625C4CFBB0025A9CA /* Utils.framework */; };
		B61A920825C4CFBB0025A9CA /* Utils.framework in Embed Frameworks */ = {isa = PBXBuildFile; fileRef = B61A920625C4CFBB0025A9CA /* Utils.framework */; settings = {ATTRIBUTES = (CodeSignOnCopy, RemoveHeadersOnCopy, ); }; };
		B61A921625C4D0E60025A9CA /* ProductsViewModel+Dependencies.swift in Sources */ = {isa = PBXBuildFile; fileRef = B61A921525C4D0E60025A9CA /* ProductsViewModel+Dependencies.swift */; };
		B6235ACD25C8875300913AFB /* PropertiesAnalyticsFactory.swift in Sources */ = {isa = PBXBuildFile; fileRef = B6235ACA25C8875300913AFB /* PropertiesAnalyticsFactory.swift */; };
		B6235ACE25C8875300913AFB /* ScreenAnalyticsFactory.swift in Sources */ = {isa = PBXBuildFile; fileRef = B6235ACB25C8875300913AFB /* ScreenAnalyticsFactory.swift */; };
		B6235ACF25C8875300913AFB /* EventAnalyticsFactory.swift in Sources */ = {isa = PBXBuildFile; fileRef = B6235ACC25C8875300913AFB /* EventAnalyticsFactory.swift */; };
		B6235AD325C8876000913AFB /* Analytics.framework in Frameworks */ = {isa = PBXBuildFile; fileRef = B6235AD225C8876000913AFB /* Analytics.framework */; };
		B6235AD425C8876000913AFB /* Analytics.framework in Embed Frameworks */ = {isa = PBXBuildFile; fileRef = B6235AD225C8876000913AFB /* Analytics.framework */; settings = {ATTRIBUTES = (CodeSignOnCopy, RemoveHeadersOnCopy, ); }; };
		B6235AD925C8882200913AFB /* MixpanelEventAnalytics.swift in Sources */ = {isa = PBXBuildFile; fileRef = B6235AD825C8882200913AFB /* MixpanelEventAnalytics.swift */; };
		B6235ADD25C8884E00913AFB /* MixpanelPropertiesAnalytics.swift in Sources */ = {isa = PBXBuildFile; fileRef = B6235ADC25C8884E00913AFB /* MixpanelPropertiesAnalytics.swift */; };
		B6235AE325C8889900913AFB /* MixpanelScreenAnalytics.swift in Sources */ = {isa = PBXBuildFile; fileRef = B6235AE225C8889900913AFB /* MixpanelScreenAnalytics.swift */; };
		B658CD3725C3B489007DC337 /* CleanMonoSwiftApp.swift in Sources */ = {isa = PBXBuildFile; fileRef = B658CD3625C3B489007DC337 /* CleanMonoSwiftApp.swift */; };
		B658CD3925C3B489007DC337 /* ProductsView.swift in Sources */ = {isa = PBXBuildFile; fileRef = B658CD3825C3B489007DC337 /* ProductsView.swift */; };
		B658CD3B25C3B48B007DC337 /* Assets.xcassets in Resources */ = {isa = PBXBuildFile; fileRef = B658CD3A25C3B48B007DC337 /* Assets.xcassets */; };
		B658CD3E25C3B48B007DC337 /* Preview Assets.xcassets in Resources */ = {isa = PBXBuildFile; fileRef = B658CD3D25C3B48B007DC337 /* Preview Assets.xcassets */; };
		B658CD4925C3B48B007DC337 /* CleanMonoSwiftTests.swift in Sources */ = {isa = PBXBuildFile; fileRef = B658CD4825C3B48B007DC337 /* CleanMonoSwiftTests.swift */; };
		B658CD5425C3B48B007DC337 /* CleanMonoSwiftUITests.swift in Sources */ = {isa = PBXBuildFile; fileRef = B658CD5325C3B48B007DC337 /* CleanMonoSwiftUITests.swift */; };
		B662A1EB25C79502007EB253 /* ProductsFactory.swift in Sources */ = {isa = PBXBuildFile; fileRef = B662A1EA25C79502007EB253 /* ProductsFactory.swift */; };
		B662A21225C79AFA007EB253 /* APIConfig.swift in Sources */ = {isa = PBXBuildFile; fileRef = B662A21125C79AFA007EB253 /* APIConfig.swift */; };
		B662A21625C79B0F007EB253 /* API.swift in Sources */ = {isa = PBXBuildFile; fileRef = B662A21525C79B0F007EB253 /* API.swift */; };
		B662A21C25C79B54007EB253 /* NetworkCore.framework in Frameworks */ = {isa = PBXBuildFile; fileRef = B662A21B25C79B54007EB253 /* NetworkCore.framework */; };
		B662A21D25C79B54007EB253 /* NetworkCore.framework in Embed Frameworks */ = {isa = PBXBuildFile; fileRef = B662A21B25C79B54007EB253 /* NetworkCore.framework */; settings = {ATTRIBUTES = (CodeSignOnCopy, RemoveHeadersOnCopy, ); }; };
		B6D6438925C4E4A10056F719 /* ProductsComponent.swift in Sources */ = {isa = PBXBuildFile; fileRef = B6D6438825C4E4A10056F719 /* ProductsComponent.swift */; };
		B6D6438D25C4E4E60056F719 /* ProductsViewModel.swift in Sources */ = {isa = PBXBuildFile; fileRef = B6D6438C25C4E4E60056F719 /* ProductsViewModel.swift */; };
		B6D6439125C4E5D10056F719 /* ProductViewData.swift in Sources */ = {isa = PBXBuildFile; fileRef = B6D6439025C4E5D10056F719 /* ProductViewData.swift */; };
		FDC0F9C067B96F0987F584FE /* Pods_CleanMonoSwift.framework in Frameworks */ = {isa = PBXBuildFile; fileRef = C8E3DBE623A3C4D28BBA1AEC /* Pods_CleanMonoSwift.framework */; };
/* End PBXBuildFile section */

/* Begin PBXContainerItemProxy section */
		B658CD4525C3B48B007DC337 /* PBXContainerItemProxy */ = {
			isa = PBXContainerItemProxy;
			containerPortal = B658CD2B25C3B489007DC337 /* Project object */;
			proxyType = 1;
			remoteGlobalIDString = B658CD3225C3B489007DC337;
			remoteInfo = CleanMonoSwift;
		};
		B658CD5025C3B48B007DC337 /* PBXContainerItemProxy */ = {
			isa = PBXContainerItemProxy;
			containerPortal = B658CD2B25C3B489007DC337 /* Project object */;
			proxyType = 1;
			remoteGlobalIDString = B658CD3225C3B489007DC337;
			remoteInfo = CleanMonoSwift;
		};
/* End PBXContainerItemProxy section */

/* Begin PBXCopyFilesBuildPhase section */
		B61A91FF25C4CFA80025A9CA /* Embed Frameworks */ = {
			isa = PBXCopyFilesBuildPhase;
			buildActionMask = 2147483647;
			dstPath = "";
			dstSubfolderSpec = 10;
			files = (
				B61A920825C4CFBB0025A9CA /* Utils.framework in Embed Frameworks */,
				B61A91FE25C4CFA80025A9CA /* Components.framework in Embed Frameworks */,
				B662A21D25C79B54007EB253 /* NetworkCore.framework in Embed Frameworks */,
				B61A920525C4CFB60025A9CA /* Core.framework in Embed Frameworks */,
				B61A920225C4CFAF0025A9CA /* CoreUseCases.framework in Embed Frameworks */,
				B6235AD425C8876000913AFB /* Analytics.framework in Embed Frameworks */,
			);
			name = "Embed Frameworks";
			runOnlyForDeploymentPostprocessing = 0;
		};
/* End PBXCopyFilesBuildPhase section */

/* Begin PBXFileReference section */
		277C1C93D9322BB2F0F54C10 /* Pods-CleanMonoSwift.debug.xcconfig */ = {isa = PBXFileReference; includeInIndex = 1; lastKnownFileType = text.xcconfig; name = "Pods-CleanMonoSwift.debug.xcconfig"; path = "Target Support Files/Pods-CleanMonoSwift/Pods-CleanMonoSwift.debug.xcconfig"; sourceTree = "<group>"; };
		B61A91FC25C4CFA80025A9CA /* Components.framework */ = {isa = PBXFileReference; explicitFileType = wrapper.framework; path = Components.framework; sourceTree = BUILT_PRODUCTS_DIR; };
		B61A920025C4CFAF0025A9CA /* CoreUseCases.framework */ = {isa = PBXFileReference; explicitFileType = wrapper.framework; path = CoreUseCases.framework; sourceTree = BUILT_PRODUCTS_DIR; };
		B61A920325C4CFB60025A9CA /* Core.framework */ = {isa = PBXFileReference; explicitFileType = wrapper.framework; path = Core.framework; sourceTree = BUILT_PRODUCTS_DIR; };
		B61A920625C4CFBB0025A9CA /* Utils.framework */ = {isa = PBXFileReference; explicitFileType = wrapper.framework; path = Utils.framework; sourceTree = BUILT_PRODUCTS_DIR; };
		B61A921525C4D0E60025A9CA /* ProductsViewModel+Dependencies.swift */ = {isa = PBXFileReference; lastKnownFileType = sourcecode.swift; path = "ProductsViewModel+Dependencies.swift"; sourceTree = "<group>"; };
		B6235ACA25C8875300913AFB /* PropertiesAnalyticsFactory.swift */ = {isa = PBXFileReference; fileEncoding = 4; lastKnownFileType = sourcecode.swift; path = PropertiesAnalyticsFactory.swift; sourceTree = "<group>"; };
		B6235ACB25C8875300913AFB /* ScreenAnalyticsFactory.swift */ = {isa = PBXFileReference; fileEncoding = 4; lastKnownFileType = sourcecode.swift; path = ScreenAnalyticsFactory.swift; sourceTree = "<group>"; };
		B6235ACC25C8875300913AFB /* EventAnalyticsFactory.swift */ = {isa = PBXFileReference; fileEncoding = 4; lastKnownFileType = sourcecode.swift; path = EventAnalyticsFactory.swift; sourceTree = "<group>"; };
		B6235AD225C8876000913AFB /* Analytics.framework */ = {isa = PBXFileReference; explicitFileType = wrapper.framework; path = Analytics.framework; sourceTree = BUILT_PRODUCTS_DIR; };
		B6235AD825C8882200913AFB /* MixpanelEventAnalytics.swift */ = {isa = PBXFileReference; lastKnownFileType = sourcecode.swift; path = MixpanelEventAnalytics.swift; sourceTree = "<group>"; };
		B6235ADC25C8884E00913AFB /* MixpanelPropertiesAnalytics.swift */ = {isa = PBXFileReference; lastKnownFileType = sourcecode.swift; path = MixpanelPropertiesAnalytics.swift; sourceTree = "<group>"; };
		B6235AE225C8889900913AFB /* MixpanelScreenAnalytics.swift */ = {isa = PBXFileReference; lastKnownFileType = sourcecode.swift; path = MixpanelScreenAnalytics.swift; sourceTree = "<group>"; };
		B658CD3325C3B489007DC337 /* CleanMonoSwift.app */ = {isa = PBXFileReference; explicitFileType = wrapper.application; includeInIndex = 0; path = CleanMonoSwift.app; sourceTree = BUILT_PRODUCTS_DIR; };
		B658CD3625C3B489007DC337 /* CleanMonoSwiftApp.swift */ = {isa = PBXFileReference; lastKnownFileType = sourcecode.swift; path = CleanMonoSwiftApp.swift; sourceTree = "<group>"; };
		B658CD3825C3B489007DC337 /* ProductsView.swift */ = {isa = PBXFileReference; lastKnownFileType = sourcecode.swift; path = ProductsView.swift; sourceTree = "<group>"; };
		B658CD3A25C3B48B007DC337 /* Assets.xcassets */ = {isa = PBXFileReference; lastKnownFileType = folder.assetcatalog; path = Assets.xcassets; sourceTree = "<group>"; };
		B658CD3D25C3B48B007DC337 /* Preview Assets.xcassets */ = {isa = PBXFileReference; lastKnownFileType = folder.assetcatalog; path = "Preview Assets.xcassets"; sourceTree = "<group>"; };
		B658CD3F25C3B48B007DC337 /* Info.plist */ = {isa = PBXFileReference; lastKnownFileType = text.plist.xml; path = Info.plist; sourceTree = "<group>"; };
		B658CD4425C3B48B007DC337 /* CleanMonoSwiftTests.xctest */ = {isa = PBXFileReference; explicitFileType = wrapper.cfbundle; includeInIndex = 0; path = CleanMonoSwiftTests.xctest; sourceTree = BUILT_PRODUCTS_DIR; };
		B658CD4825C3B48B007DC337 /* CleanMonoSwiftTests.swift */ = {isa = PBXFileReference; lastKnownFileType = sourcecode.swift; path = CleanMonoSwiftTests.swift; sourceTree = "<group>"; };
		B658CD4A25C3B48B007DC337 /* Info.plist */ = {isa = PBXFileReference; lastKnownFileType = text.plist.xml; path = Info.plist; sourceTree = "<group>"; };
		B658CD4F25C3B48B007DC337 /* CleanMonoSwiftUITests.xctest */ = {isa = PBXFileReference; explicitFileType = wrapper.cfbundle; includeInIndex = 0; path = CleanMonoSwiftUITests.xctest; sourceTree = BUILT_PRODUCTS_DIR; };
		B658CD5325C3B48B007DC337 /* CleanMonoSwiftUITests.swift */ = {isa = PBXFileReference; lastKnownFileType = sourcecode.swift; path = CleanMonoSwiftUITests.swift; sourceTree = "<group>"; };
		B658CD5525C3B48B007DC337 /* Info.plist */ = {isa = PBXFileReference; lastKnownFileType = text.plist.xml; path = Info.plist; sourceTree = "<group>"; };
		B662A1EA25C79502007EB253 /* ProductsFactory.swift */ = {isa = PBXFileReference; lastKnownFileType = sourcecode.swift; path = ProductsFactory.swift; sourceTree = "<group>"; };
		B662A21125C79AFA007EB253 /* APIConfig.swift */ = {isa = PBXFileReference; lastKnownFileType = sourcecode.swift; path = APIConfig.swift; sourceTree = "<group>"; };
		B662A21525C79B0F007EB253 /* API.swift */ = {isa = PBXFileReference; lastKnownFileType = sourcecode.swift; path = API.swift; sourceTree = "<group>"; };
		B662A21B25C79B54007EB253 /* NetworkCore.framework */ = {isa = PBXFileReference; explicitFileType = wrapper.framework; path = NetworkCore.framework; sourceTree = BUILT_PRODUCTS_DIR; };
		B6D6438825C4E4A10056F719 /* ProductsComponent.swift */ = {isa = PBXFileReference; lastKnownFileType = sourcecode.swift; path = ProductsComponent.swift; sourceTree = "<group>"; };
		B6D6438C25C4E4E60056F719 /* ProductsViewModel.swift */ = {isa = PBXFileReference; lastKnownFileType = sourcecode.swift; path = ProductsViewModel.swift; sourceTree = "<group>"; };
		B6D6439025C4E5D10056F719 /* ProductViewData.swift */ = {isa = PBXFileReference; lastKnownFileType = sourcecode.swift; path = ProductViewData.swift; sourceTree = "<group>"; };
		C26F2B7799F944D9F3FE8AA0 /* Pods-CleanMonoSwift.release.xcconfig */ = {isa = PBXFileReference; includeInIndex = 1; lastKnownFileType = text.xcconfig; name = "Pods-CleanMonoSwift.release.xcconfig"; path = "Target Support Files/Pods-CleanMonoSwift/Pods-CleanMonoSwift.release.xcconfig"; sourceTree = "<group>"; };
		C8E3DBE623A3C4D28BBA1AEC /* Pods_CleanMonoSwift.framework */ = {isa = PBXFileReference; explicitFileType = wrapper.framework; includeInIndex = 0; path = Pods_CleanMonoSwift.framework; sourceTree = BUILT_PRODUCTS_DIR; };
/* End PBXFileReference section */

/* Begin PBXFrameworksBuildPhase section */
		B658CD3025C3B489007DC337 /* Frameworks */ = {
			isa = PBXFrameworksBuildPhase;
			buildActionMask = 2147483647;
			files = (
				B61A920725C4CFBB0025A9CA /* Utils.framework in Frameworks */,
				B61A91FD25C4CFA80025A9CA /* Components.framework in Frameworks */,
				B662A21C25C79B54007EB253 /* NetworkCore.framework in Frameworks */,
				B6235AD325C8876000913AFB /* Analytics.framework in Frameworks */,
				B61A920425C4CFB60025A9CA /* Core.framework in Frameworks */,
				B61A920125C4CFAF0025A9CA /* CoreUseCases.framework in Frameworks */,
				FDC0F9C067B96F0987F584FE /* Pods_CleanMonoSwift.framework in Frameworks */,
			);
			runOnlyForDeploymentPostprocessing = 0;
		};
		B658CD4125C3B48B007DC337 /* Frameworks */ = {
			isa = PBXFrameworksBuildPhase;
			buildActionMask = 2147483647;
			files = (
			);
			runOnlyForDeploymentPostprocessing = 0;
		};
		B658CD4C25C3B48B007DC337 /* Frameworks */ = {
			isa = PBXFrameworksBuildPhase;
			buildActionMask = 2147483647;
			files = (
			);
			runOnlyForDeploymentPostprocessing = 0;
		};
/* End PBXFrameworksBuildPhase section */

/* Begin PBXGroup section */
		8E44315D9E8FA620D9259950 /* Pods */ = {
			isa = PBXGroup;
			children = (
				277C1C93D9322BB2F0F54C10 /* Pods-CleanMonoSwift.debug.xcconfig */,
				C26F2B7799F944D9F3FE8AA0 /* Pods-CleanMonoSwift.release.xcconfig */,
			);
			name = Pods;
			path = ../../Pods;
			sourceTree = "<group>";
		};
		B61A91FB25C4CFA80025A9CA /* Frameworks */ = {
			isa = PBXGroup;
			children = (
				B6235AD225C8876000913AFB /* Analytics.framework */,
				B662A21B25C79B54007EB253 /* NetworkCore.framework */,
				B61A920625C4CFBB0025A9CA /* Utils.framework */,
				B61A920325C4CFB60025A9CA /* Core.framework */,
				B61A920025C4CFAF0025A9CA /* CoreUseCases.framework */,
				B61A91FC25C4CFA80025A9CA /* Components.framework */,
				C8E3DBE623A3C4D28BBA1AEC /* Pods_CleanMonoSwift.framework */,
			);
			name = Frameworks;
			sourceTree = "<group>";
		};
		B61A920B25C4D0C70025A9CA /* Scenes */ = {
			isa = PBXGroup;
			children = (
				B61A921425C4D0DC0025A9CA /* Products */,
			);
			path = Scenes;
			sourceTree = "<group>";
		};
		B61A921425C4D0DC0025A9CA /* Products */ = {
			isa = PBXGroup;
			children = (
				B658CD3825C3B489007DC337 /* ProductsView.swift */,
				B61A921525C4D0E60025A9CA /* ProductsViewModel+Dependencies.swift */,
				B6D6438825C4E4A10056F719 /* ProductsComponent.swift */,
				B6D6438C25C4E4E60056F719 /* ProductsViewModel.swift */,
				B6D6439025C4E5D10056F719 /* ProductViewData.swift */,
				B662A1EA25C79502007EB253 /* ProductsFactory.swift */,
			);
			path = Products;
			sourceTree = "<group>";
		};
		B6235AC925C8874600913AFB /* Analytics */ = {
			isa = PBXGroup;
			children = (
				B6235AD725C8880600913AFB /* Mixpanel */,
				B6235ACC25C8875300913AFB /* EventAnalyticsFactory.swift */,
				B6235ACA25C8875300913AFB /* PropertiesAnalyticsFactory.swift */,
				B6235ACB25C8875300913AFB /* ScreenAnalyticsFactory.swift */,
			);
			path = Analytics;
			sourceTree = "<group>";
		};
		B6235AD725C8880600913AFB /* Mixpanel */ = {
			isa = PBXGroup;
			children = (
				B6235AD825C8882200913AFB /* MixpanelEventAnalytics.swift */,
				B6235ADC25C8884E00913AFB /* MixpanelPropertiesAnalytics.swift */,
				B6235AE225C8889900913AFB /* MixpanelScreenAnalytics.swift */,
			);
			path = Mixpanel;
			sourceTree = "<group>";
		};
		B658CD2A25C3B489007DC337 = {
			isa = PBXGroup;
			children = (
				B658CD3525C3B489007DC337 /* CleanMonoSwift */,
				B658CD4725C3B48B007DC337 /* CleanMonoSwiftTests */,
				B658CD5225C3B48B007DC337 /* CleanMonoSwiftUITests */,
				B658CD3425C3B489007DC337 /* Products */,
				B61A91FB25C4CFA80025A9CA /* Frameworks */,
				8E44315D9E8FA620D9259950 /* Pods */,
			);
			sourceTree = "<group>";
		};
		B658CD3425C3B489007DC337 /* Products */ = {
			isa = PBXGroup;
			children = (
				B658CD3325C3B489007DC337 /* CleanMonoSwift.app */,
				B658CD4425C3B48B007DC337 /* CleanMonoSwiftTests.xctest */,
				B658CD4F25C3B48B007DC337 /* CleanMonoSwiftUITests.xctest */,
			);
			name = Products;
			sourceTree = "<group>";
		};
		B658CD3525C3B489007DC337 /* CleanMonoSwift */ = {
			isa = PBXGroup;
			children = (
				B658CD3625C3B489007DC337 /* CleanMonoSwiftApp.swift */,
				B658CD3A25C3B48B007DC337 /* Assets.xcassets */,
				B658CD3F25C3B48B007DC337 /* Info.plist */,
				B6235AC925C8874600913AFB /* Analytics */,
				B662A21025C79AEB007EB253 /* Config */,
				B61A920B25C4D0C70025A9CA /* Scenes */,
				B658CD3C25C3B48B007DC337 /* Preview Content */,
			);
			path = CleanMonoSwift;
			sourceTree = "<group>";
		};
		B658CD3C25C3B48B007DC337 /* Preview Content */ = {
			isa = PBXGroup;
			children = (
				B658CD3D25C3B48B007DC337 /* Preview Assets.xcassets */,
			);
			path = "Preview Content";
			sourceTree = "<group>";
		};
		B658CD4725C3B48B007DC337 /* CleanMonoSwiftTests */ = {
			isa = PBXGroup;
			children = (
				B658CD4825C3B48B007DC337 /* CleanMonoSwiftTests.swift */,
				B658CD4A25C3B48B007DC337 /* Info.plist */,
			);
			path = CleanMonoSwiftTests;
			sourceTree = "<group>";
		};
		B658CD5225C3B48B007DC337 /* CleanMonoSwiftUITests */ = {
			isa = PBXGroup;
			children = (
				B658CD5325C3B48B007DC337 /* CleanMonoSwiftUITests.swift */,
				B658CD5525C3B48B007DC337 /* Info.plist */,
			);
			path = CleanMonoSwiftUITests;
			sourceTree = "<group>";
		};
		B662A21025C79AEB007EB253 /* Config */ = {
			isa = PBXGroup;
			children = (
				B662A21125C79AFA007EB253 /* APIConfig.swift */,
				B662A21525C79B0F007EB253 /* API.swift */,
			);
			path = Config;
			sourceTree = "<group>";
		};
/* End PBXGroup section */

/* Begin PBXNativeTarget section */
		B658CD3225C3B489007DC337 /* CleanMonoSwift */ = {
			isa = PBXNativeTarget;
			buildConfigurationList = B658CD5825C3B48B007DC337 /* Build configuration list for PBXNativeTarget "CleanMonoSwift" */;
			buildPhases = (
				E6BCECF3B0CD68757104F68E /* [CP] Check Pods Manifest.lock */,
				B658CD2F25C3B489007DC337 /* Sources */,
				B658CD3025C3B489007DC337 /* Frameworks */,
				B658CD3125C3B489007DC337 /* Resources */,
				B61A91FF25C4CFA80025A9CA /* Embed Frameworks */,
				8604F01566A68613B3E3C125 /* [CP] Embed Pods Frameworks */,
			);
			buildRules = (
			);
			dependencies = (
			);
			name = CleanMonoSwift;
			productName = CleanMonoSwift;
			productReference = B658CD3325C3B489007DC337 /* CleanMonoSwift.app */;
			productType = "com.apple.product-type.application";
		};
		B658CD4325C3B48B007DC337 /* CleanMonoSwiftTests */ = {
			isa = PBXNativeTarget;
			buildConfigurationList = B658CD5B25C3B48B007DC337 /* Build configuration list for PBXNativeTarget "CleanMonoSwiftTests" */;
			buildPhases = (
				B658CD4025C3B48B007DC337 /* Sources */,
				B658CD4125C3B48B007DC337 /* Frameworks */,
				B658CD4225C3B48B007DC337 /* Resources */,
			);
			buildRules = (
			);
			dependencies = (
				B658CD4625C3B48B007DC337 /* PBXTargetDependency */,
			);
			name = CleanMonoSwiftTests;
			productName = CleanMonoSwiftTests;
			productReference = B658CD4425C3B48B007DC337 /* CleanMonoSwiftTests.xctest */;
			productType = "com.apple.product-type.bundle.unit-test";
		};
		B658CD4E25C3B48B007DC337 /* CleanMonoSwiftUITests */ = {
			isa = PBXNativeTarget;
			buildConfigurationList = B658CD5E25C3B48B007DC337 /* Build configuration list for PBXNativeTarget "CleanMonoSwiftUITests" */;
			buildPhases = (
				B658CD4B25C3B48B007DC337 /* Sources */,
				B658CD4C25C3B48B007DC337 /* Frameworks */,
				B658CD4D25C3B48B007DC337 /* Resources */,
			);
			buildRules = (
			);
			dependencies = (
				B658CD5125C3B48B007DC337 /* PBXTargetDependency */,
			);
			name = CleanMonoSwiftUITests;
			productName = CleanMonoSwiftUITests;
			productReference = B658CD4F25C3B48B007DC337 /* CleanMonoSwiftUITests.xctest */;
			productType = "com.apple.product-type.bundle.ui-testing";
		};
/* End PBXNativeTarget section */

/* Begin PBXProject section */
		B658CD2B25C3B489007DC337 /* Project object */ = {
			isa = PBXProject;
			attributes = {
				LastSwiftUpdateCheck = 1220;
				LastUpgradeCheck = 1220;
				TargetAttributes = {
					B658CD3225C3B489007DC337 = {
						CreatedOnToolsVersion = 12.2;
					};
					B658CD4325C3B48B007DC337 = {
						CreatedOnToolsVersion = 12.2;
						TestTargetID = B658CD3225C3B489007DC337;
					};
					B658CD4E25C3B48B007DC337 = {
						CreatedOnToolsVersion = 12.2;
						TestTargetID = B658CD3225C3B489007DC337;
					};
				};
			};
			buildConfigurationList = B658CD2E25C3B489007DC337 /* Build configuration list for PBXProject "CleanMonoSwift" */;
			compatibilityVersion = "Xcode 9.3";
			developmentRegion = en;
			hasScannedForEncodings = 0;
			knownRegions = (
				en,
				Base,
			);
			mainGroup = B658CD2A25C3B489007DC337;
			productRefGroup = B658CD3425C3B489007DC337 /* Products */;
			projectDirPath = "";
			projectRoot = "";
			targets = (
				B658CD3225C3B489007DC337 /* CleanMonoSwift */,
				B658CD4325C3B48B007DC337 /* CleanMonoSwiftTests */,
				B658CD4E25C3B48B007DC337 /* CleanMonoSwiftUITests */,
			);
		};
/* End PBXProject section */

/* Begin PBXResourcesBuildPhase section */
		B658CD3125C3B489007DC337 /* Resources */ = {
			isa = PBXResourcesBuildPhase;
			buildActionMask = 2147483647;
			files = (
				B658CD3E25C3B48B007DC337 /* Preview Assets.xcassets in Resources */,
				B658CD3B25C3B48B007DC337 /* Assets.xcassets in Resources */,
			);
			runOnlyForDeploymentPostprocessing = 0;
		};
		B658CD4225C3B48B007DC337 /* Resources */ = {
			isa = PBXResourcesBuildPhase;
			buildActionMask = 2147483647;
			files = (
			);
			runOnlyForDeploymentPostprocessing = 0;
		};
		B658CD4D25C3B48B007DC337 /* Resources */ = {
			isa = PBXResourcesBuildPhase;
			buildActionMask = 2147483647;
			files = (
			);
			runOnlyForDeploymentPostprocessing = 0;
		};
/* End PBXResourcesBuildPhase section */

/* Begin PBXShellScriptBuildPhase section */
		8604F01566A68613B3E3C125 /* [CP] Embed Pods Frameworks */ = {
			isa = PBXShellScriptBuildPhase;
			buildActionMask = 2147483647;
			files = (
			);
			inputFileListPaths = (
				"${PODS_ROOT}/Target Support Files/Pods-CleanMonoSwift/Pods-CleanMonoSwift-frameworks-${CONFIGURATION}-input-files.xcfilelist",
			);
			name = "[CP] Embed Pods Frameworks";
			outputFileListPaths = (
				"${PODS_ROOT}/Target Support Files/Pods-CleanMonoSwift/Pods-CleanMonoSwift-frameworks-${CONFIGURATION}-output-files.xcfilelist",
			);
			runOnlyForDeploymentPostprocessing = 0;
			shellPath = /bin/sh;
			shellScript = "\"${PODS_ROOT}/Target Support Files/Pods-CleanMonoSwift/Pods-CleanMonoSwift-frameworks.sh\"\n";
			showEnvVarsInLog = 0;
		};
		E6BCECF3B0CD68757104F68E /* [CP] Check Pods Manifest.lock */ = {
			isa = PBXShellScriptBuildPhase;
			buildActionMask = 2147483647;
			files = (
			);
			inputFileListPaths = (
			);
			inputPaths = (
				"${PODS_PODFILE_DIR_PATH}/Podfile.lock",
				"${PODS_ROOT}/Manifest.lock",
			);
			name = "[CP] Check Pods Manifest.lock";
			outputFileListPaths = (
			);
			outputPaths = (
				"$(DERIVED_FILE_DIR)/Pods-CleanMonoSwift-checkManifestLockResult.txt",
			);
			runOnlyForDeploymentPostprocessing = 0;
			shellPath = /bin/sh;
			shellScript = "diff \"${PODS_PODFILE_DIR_PATH}/Podfile.lock\" \"${PODS_ROOT}/Manifest.lock\" > /dev/null\nif [ $? != 0 ] ; then\n    # print error to STDERR\n    echo \"error: The sandbox is not in sync with the Podfile.lock. Run 'pod install' or update your CocoaPods installation.\" >&2\n    exit 1\nfi\n# This output is used by Xcode 'outputs' to avoid re-running this script phase.\necho \"SUCCESS\" > \"${SCRIPT_OUTPUT_FILE_0}\"\n";
			showEnvVarsInLog = 0;
		};
/* End PBXShellScriptBuildPhase section */

/* Begin PBXSourcesBuildPhase section */
		B658CD2F25C3B489007DC337 /* Sources */ = {
			isa = PBXSourcesBuildPhase;
			buildActionMask = 2147483647;
			files = (
				B6235ACF25C8875300913AFB /* EventAnalyticsFactory.swift in Sources */,
				B6235ACD25C8875300913AFB /* PropertiesAnalyticsFactory.swift in Sources */,
				B662A1EB25C79502007EB253 /* ProductsFactory.swift in Sources */,
				B6235AE325C8889900913AFB /* MixpanelScreenAnalytics.swift in Sources */,
				B6235ACE25C8875300913AFB /* ScreenAnalyticsFactory.swift in Sources */,
				B6D6439125C4E5D10056F719 /* ProductViewData.swift in Sources */,
				B662A21225C79AFA007EB253 /* APIConfig.swift in Sources */,
				B61A921625C4D0E60025A9CA /* ProductsViewModel+Dependencies.swift in Sources */,
				B6D6438925C4E4A10056F719 /* ProductsComponent.swift in Sources */,
				B658CD3925C3B489007DC337 /* ProductsView.swift in Sources */,
				B6235ADD25C8884E00913AFB /* MixpanelPropertiesAnalytics.swift in Sources */,
				B6D6438D25C4E4E60056F719 /* ProductsViewModel.swift in Sources */,
				B6235AD925C8882200913AFB /* MixpanelEventAnalytics.swift in Sources */,
				B662A21625C79B0F007EB253 /* API.swift in Sources */,
				B658CD3725C3B489007DC337 /* CleanMonoSwiftApp.swift in Sources */,
			);
			runOnlyForDeploymentPostprocessing = 0;
		};
		B658CD4025C3B48B007DC337 /* Sources */ = {
			isa = PBXSourcesBuildPhase;
			buildActionMask = 2147483647;
			files = (
				B658CD4925C3B48B007DC337 /* CleanMonoSwiftTests.swift in Sources */,
			);
			runOnlyForDeploymentPostprocessing = 0;
		};
		B658CD4B25C3B48B007DC337 /* Sources */ = {
			isa = PBXSourcesBuildPhase;
			buildActionMask = 2147483647;
			files = (
				B658CD5425C3B48B007DC337 /* CleanMonoSwiftUITests.swift in Sources */,
			);
			runOnlyForDeploymentPostprocessing = 0;
		};
/* End PBXSourcesBuildPhase section */

/* Begin PBXTargetDependency section */
		B658CD4625C3B48B007DC337 /* PBXTargetDependency */ = {
			isa = PBXTargetDependency;
			target = B658CD3225C3B489007DC337 /* CleanMonoSwift */;
			targetProxy = B658CD4525C3B48B007DC337 /* PBXContainerItemProxy */;
		};
		B658CD5125C3B48B007DC337 /* PBXTargetDependency */ = {
			isa = PBXTargetDependency;
			target = B658CD3225C3B489007DC337 /* CleanMonoSwift */;
			targetProxy = B658CD5025C3B48B007DC337 /* PBXContainerItemProxy */;
		};
/* End PBXTargetDependency section */

/* Begin XCBuildConfiguration section */
		B658CD5625C3B48B007DC337 /* Debug */ = {
			isa = XCBuildConfiguration;
			buildSettings = {
				ALWAYS_SEARCH_USER_PATHS = NO;
				CLANG_ANALYZER_NONNULL = YES;
				CLANG_ANALYZER_NUMBER_OBJECT_CONVERSION = YES_AGGRESSIVE;
				CLANG_CXX_LANGUAGE_STANDARD = "gnu++14";
				CLANG_CXX_LIBRARY = "libc++";
				CLANG_ENABLE_MODULES = YES;
				CLANG_ENABLE_OBJC_ARC = YES;
				CLANG_ENABLE_OBJC_WEAK = YES;
				CLANG_WARN_BLOCK_CAPTURE_AUTORELEASING = YES;
				CLANG_WARN_BOOL_CONVERSION = YES;
				CLANG_WARN_COMMA = YES;
				CLANG_WARN_CONSTANT_CONVERSION = YES;
				CLANG_WARN_DEPRECATED_OBJC_IMPLEMENTATIONS = YES;
				CLANG_WARN_DIRECT_OBJC_ISA_USAGE = YES_ERROR;
				CLANG_WARN_DOCUMENTATION_COMMENTS = YES;
				CLANG_WARN_EMPTY_BODY = YES;
				CLANG_WARN_ENUM_CONVERSION = YES;
				CLANG_WARN_INFINITE_RECURSION = YES;
				CLANG_WARN_INT_CONVERSION = YES;
				CLANG_WARN_NON_LITERAL_NULL_CONVERSION = YES;
				CLANG_WARN_OBJC_IMPLICIT_RETAIN_SELF = YES;
				CLANG_WARN_OBJC_LITERAL_CONVERSION = YES;
				CLANG_WARN_OBJC_ROOT_CLASS = YES_ERROR;
				CLANG_WARN_QUOTED_INCLUDE_IN_FRAMEWORK_HEADER = YES;
				CLANG_WARN_RANGE_LOOP_ANALYSIS = YES;
				CLANG_WARN_STRICT_PROTOTYPES = YES;
				CLANG_WARN_SUSPICIOUS_MOVE = YES;
				CLANG_WARN_UNGUARDED_AVAILABILITY = YES_AGGRESSIVE;
				CLANG_WARN_UNREACHABLE_CODE = YES;
				CLANG_WARN__DUPLICATE_METHOD_MATCH = YES;
				COPY_PHASE_STRIP = NO;
				DEBUG_INFORMATION_FORMAT = dwarf;
				ENABLE_STRICT_OBJC_MSGSEND = YES;
				ENABLE_TESTABILITY = YES;
				GCC_C_LANGUAGE_STANDARD = gnu11;
				GCC_DYNAMIC_NO_PIC = NO;
				GCC_NO_COMMON_BLOCKS = YES;
				GCC_OPTIMIZATION_LEVEL = 0;
				GCC_PREPROCESSOR_DEFINITIONS = (
					"DEBUG=1",
					"$(inherited)",
				);
				GCC_WARN_64_TO_32_BIT_CONVERSION = YES;
				GCC_WARN_ABOUT_RETURN_TYPE = YES_ERROR;
				GCC_WARN_UNDECLARED_SELECTOR = YES;
				GCC_WARN_UNINITIALIZED_AUTOS = YES_AGGRESSIVE;
				GCC_WARN_UNUSED_FUNCTION = YES;
				GCC_WARN_UNUSED_VARIABLE = YES;
				IPHONEOS_DEPLOYMENT_TARGET = 14.2;
				MTL_ENABLE_DEBUG_INFO = INCLUDE_SOURCE;
				MTL_FAST_MATH = YES;
				ONLY_ACTIVE_ARCH = YES;
				SDKROOT = iphoneos;
				SWIFT_ACTIVE_COMPILATION_CONDITIONS = DEBUG;
				SWIFT_OPTIMIZATION_LEVEL = "-Onone";
			};
			name = Debug;
		};
		B658CD5725C3B48B007DC337 /* Release */ = {
			isa = XCBuildConfiguration;
			buildSettings = {
				ALWAYS_SEARCH_USER_PATHS = NO;
				CLANG_ANALYZER_NONNULL = YES;
				CLANG_ANALYZER_NUMBER_OBJECT_CONVERSION = YES_AGGRESSIVE;
				CLANG_CXX_LANGUAGE_STANDARD = "gnu++14";
				CLANG_CXX_LIBRARY = "libc++";
				CLANG_ENABLE_MODULES = YES;
				CLANG_ENABLE_OBJC_ARC = YES;
				CLANG_ENABLE_OBJC_WEAK = YES;
				CLANG_WARN_BLOCK_CAPTURE_AUTORELEASING = YES;
				CLANG_WARN_BOOL_CONVERSION = YES;
				CLANG_WARN_COMMA = YES;
				CLANG_WARN_CONSTANT_CONVERSION = YES;
				CLANG_WARN_DEPRECATED_OBJC_IMPLEMENTATIONS = YES;
				CLANG_WARN_DIRECT_OBJC_ISA_USAGE = YES_ERROR;
				CLANG_WARN_DOCUMENTATION_COMMENTS = YES;
				CLANG_WARN_EMPTY_BODY = YES;
				CLANG_WARN_ENUM_CONVERSION = YES;
				CLANG_WARN_INFINITE_RECURSION = YES;
				CLANG_WARN_INT_CONVERSION = YES;
				CLANG_WARN_NON_LITERAL_NULL_CONVERSION = YES;
				CLANG_WARN_OBJC_IMPLICIT_RETAIN_SELF = YES;
				CLANG_WARN_OBJC_LITERAL_CONVERSION = YES;
				CLANG_WARN_OBJC_ROOT_CLASS = YES_ERROR;
				CLANG_WARN_QUOTED_INCLUDE_IN_FRAMEWORK_HEADER = YES;
				CLANG_WARN_RANGE_LOOP_ANALYSIS = YES;
				CLANG_WARN_STRICT_PROTOTYPES = YES;
				CLANG_WARN_SUSPICIOUS_MOVE = YES;
				CLANG_WARN_UNGUARDED_AVAILABILITY = YES_AGGRESSIVE;
				CLANG_WARN_UNREACHABLE_CODE = YES;
				CLANG_WARN__DUPLICATE_METHOD_MATCH = YES;
				COPY_PHASE_STRIP = NO;
				DEBUG_INFORMATION_FORMAT = "dwarf-with-dsym";
				ENABLE_NS_ASSERTIONS = NO;
				ENABLE_STRICT_OBJC_MSGSEND = YES;
				GCC_C_LANGUAGE_STANDARD = gnu11;
				GCC_NO_COMMON_BLOCKS = YES;
				GCC_WARN_64_TO_32_BIT_CONVERSION = YES;
				GCC_WARN_ABOUT_RETURN_TYPE = YES_ERROR;
				GCC_WARN_UNDECLARED_SELECTOR = YES;
				GCC_WARN_UNINITIALIZED_AUTOS = YES_AGGRESSIVE;
				GCC_WARN_UNUSED_FUNCTION = YES;
				GCC_WARN_UNUSED_VARIABLE = YES;
				IPHONEOS_DEPLOYMENT_TARGET = 14.2;
				MTL_ENABLE_DEBUG_INFO = NO;
				MTL_FAST_MATH = YES;
				SDKROOT = iphoneos;
				SWIFT_COMPILATION_MODE = wholemodule;
				SWIFT_OPTIMIZATION_LEVEL = "-O";
				VALIDATE_PRODUCT = YES;
			};
			name = Release;
		};
		B658CD5925C3B48B007DC337 /* Debug */ = {
			isa = XCBuildConfiguration;
			baseConfigurationReference = 277C1C93D9322BB2F0F54C10 /* Pods-CleanMonoSwift.debug.xcconfig */;
			buildSettings = {
				ASSETCATALOG_COMPILER_APPICON_NAME = AppIcon;
				ASSETCATALOG_COMPILER_GLOBAL_ACCENT_COLOR_NAME = AccentColor;
				CODE_SIGN_STYLE = Automatic;
				DEVELOPMENT_ASSET_PATHS = "\"CleanMonoSwift/Preview Content\"";
				ENABLE_PREVIEWS = YES;
				INFOPLIST_FILE = CleanMonoSwift/Info.plist;
				IPHONEOS_DEPLOYMENT_TARGET = 14.0;
				LD_RUNPATH_SEARCH_PATHS = (
					"$(inherited)",
					"@executable_path/Frameworks",
				);
				PRODUCT_BUNDLE_IDENTIFIER = com.andres.bonilla.CleanMonoSwift;
				PRODUCT_NAME = "$(TARGET_NAME)";
				SWIFT_VERSION = 5.0;
				TARGETED_DEVICE_FAMILY = "1,2";
			};
			name = Debug;
		};
		B658CD5A25C3B48B007DC337 /* Release */ = {
			isa = XCBuildConfiguration;
			baseConfigurationReference = C26F2B7799F944D9F3FE8AA0 /* Pods-CleanMonoSwift.release.xcconfig */;
			buildSettings = {
				ASSETCATALOG_COMPILER_APPICON_NAME = AppIcon;
				ASSETCATALOG_COMPILER_GLOBAL_ACCENT_COLOR_NAME = AccentColor;
				CODE_SIGN_STYLE = Automatic;
				DEVELOPMENT_ASSET_PATHS = "\"CleanMonoSwift/Preview Content\"";
				ENABLE_PREVIEWS = YES;
				INFOPLIST_FILE = CleanMonoSwift/Info.plist;
				IPHONEOS_DEPLOYMENT_TARGET = 14.0;
				LD_RUNPATH_SEARCH_PATHS = (
					"$(inherited)",
					"@executable_path/Frameworks",
				);
				PRODUCT_BUNDLE_IDENTIFIER = com.andres.bonilla.CleanMonoSwift;
				PRODUCT_NAME = "$(TARGET_NAME)";
				SWIFT_VERSION = 5.0;
				TARGETED_DEVICE_FAMILY = "1,2";
			};
			name = Release;
		};
		B658CD5C25C3B48B007DC337 /* Debug */ = {
			isa = XCBuildConfiguration;
			buildSettings = {
				ALWAYS_EMBED_SWIFT_STANDARD_LIBRARIES = YES;
				BUNDLE_LOADER = "$(TEST_HOST)";
				CODE_SIGN_STYLE = Automatic;
				INFOPLIST_FILE = CleanMonoSwiftTests/Info.plist;
				IPHONEOS_DEPLOYMENT_TARGET = 14.0;
				LD_RUNPATH_SEARCH_PATHS = (
					"$(inherited)",
					"@executable_path/Frameworks",
					"@loader_path/Frameworks",
				);
				PRODUCT_BUNDLE_IDENTIFIER = com.andres.bonilla.CleanMonoSwiftTests;
				PRODUCT_NAME = "$(TARGET_NAME)";
				SWIFT_VERSION = 5.0;
				TARGETED_DEVICE_FAMILY = "1,2";
				TEST_HOST = "$(BUILT_PRODUCTS_DIR)/CleanMonoSwift.app/CleanMonoSwift";
			};
			name = Debug;
		};
		B658CD5D25C3B48B007DC337 /* Release */ = {
			isa = XCBuildConfiguration;
			buildSettings = {
				ALWAYS_EMBED_SWIFT_STANDARD_LIBRARIES = YES;
				BUNDLE_LOADER = "$(TEST_HOST)";
				CODE_SIGN_STYLE = Automatic;
				INFOPLIST_FILE = CleanMonoSwiftTests/Info.plist;
				IPHONEOS_DEPLOYMENT_TARGET = 14.0;
				LD_RUNPATH_SEARCH_PATHS = (
					"$(inherited)",
					"@executable_path/Frameworks",
					"@loader_path/Frameworks",
				);
				PRODUCT_BUNDLE_IDENTIFIER = com.andres.bonilla.CleanMonoSwiftTests;
				PRODUCT_NAME = "$(TARGET_NAME)";
				SWIFT_VERSION = 5.0;
				TARGETED_DEVICE_FAMILY = "1,2";
				TEST_HOST = "$(BUILT_PRODUCTS_DIR)/CleanMonoSwift.app/CleanMonoSwift";
			};
			name = Release;
		};
		B658CD5F25C3B48B007DC337 /* Debug */ = {
			isa = XCBuildConfiguration;
			buildSettings = {
				ALWAYS_EMBED_SWIFT_STANDARD_LIBRARIES = YES;
				CODE_SIGN_STYLE = Automatic;
				INFOPLIST_FILE = CleanMonoSwiftUITests/Info.plist;
				LD_RUNPATH_SEARCH_PATHS = (
					"$(inherited)",
					"@executable_path/Frameworks",
					"@loader_path/Frameworks",
				);
				PRODUCT_BUNDLE_IDENTIFIER = com.andres.bonilla.CleanMonoSwiftUITests;
				PRODUCT_NAME = "$(TARGET_NAME)";
				SWIFT_VERSION = 5.0;
				TARGETED_DEVICE_FAMILY = "1,2";
				TEST_TARGET_NAME = CleanMonoSwift;
			};
			name = Debug;
		};
		B658CD6025C3B48B007DC337 /* Release */ = {
			isa = XCBuildConfiguration;
			buildSettings = {
				ALWAYS_EMBED_SWIFT_STANDARD_LIBRARIES = YES;
				CODE_SIGN_STYLE = Automatic;
				INFOPLIST_FILE = CleanMonoSwiftUITests/Info.plist;
				LD_RUNPATH_SEARCH_PATHS = (
					"$(inherited)",
					"@executable_path/Frameworks",
					"@loader_path/Frameworks",
				);
				PRODUCT_BUNDLE_IDENTIFIER = com.andres.bonilla.CleanMonoSwiftUITests;
				PRODUCT_NAME = "$(TARGET_NAME)";
				SWIFT_VERSION = 5.0;
				TARGETED_DEVICE_FAMILY = "1,2";
				TEST_TARGET_NAME = CleanMonoSwift;
			};
			name = Release;
		};
/* End XCBuildConfiguration section */

/* Begin XCConfigurationList section */
		B658CD2E25C3B489007DC337 /* Build configuration list for PBXProject "CleanMonoSwift" */ = {
			isa = XCConfigurationList;
			buildConfigurations = (
				B658CD5625C3B48B007DC337 /* Debug */,
				B658CD5725C3B48B007DC337 /* Release */,
			);
			defaultConfigurationIsVisible = 0;
			defaultConfigurationName = Release;
		};
		B658CD5825C3B48B007DC337 /* Build configuration list for PBXNativeTarget "CleanMonoSwift" */ = {
			isa = XCConfigurationList;
			buildConfigurations = (
				B658CD5925C3B48B007DC337 /* Debug */,
				B658CD5A25C3B48B007DC337 /* Release */,
			);
			defaultConfigurationIsVisible = 0;
			defaultConfigurationName = Release;
		};
		B658CD5B25C3B48B007DC337 /* Build configuration list for PBXNativeTarget "CleanMonoSwiftTests" */ = {
			isa = XCConfigurationList;
			buildConfigurations = (
				B658CD5C25C3B48B007DC337 /* Debug */,
				B658CD5D25C3B48B007DC337 /* Release */,
			);
			defaultConfigurationIsVisible = 0;
			defaultConfigurationName = Release;
		};
		B658CD5E25C3B48B007DC337 /* Build configuration list for PBXNativeTarget "CleanMonoSwiftUITests" */ = {
			isa = XCConfigurationList;
			buildConfigurations = (
				B658CD5F25C3B48B007DC337 /* Debug */,
				B658CD6025C3B48B007DC337 /* Release */,
			);
			defaultConfigurationIsVisible = 0;
			defaultConfigurationName = Release;
		};
/* End XCConfigurationList section */
	};
	rootObject = B658CD2B25C3B489007DC337 /* Project object */;
}
